// !$*UTF8*$!
{
	archiveVersion = 1;
	classes = {
	};
	objectVersion = 48;
	objects = {

/* Begin PBXBuildFile section */
		C9304D581FC3761D005357DF /* TextFieldDelegate.swift in Sources */ = {isa = PBXBuildFile; fileRef = C9304D571FC3761D005357DF /* TextFieldDelegate.swift */; };
		C9304D5A1FC378DD005357DF /* types.swift in Sources */ = {isa = PBXBuildFile; fileRef = C9304D591FC378DD005357DF /* types.swift */; };
		C9BFF4BC1FC3637400873781 /* AppDelegate.swift in Sources */ = {isa = PBXBuildFile; fileRef = C9BFF4BB1FC3637400873781 /* AppDelegate.swift */; };
		C9BFF4BE1FC3637400873781 /* MemeEditorViewController.swift in Sources */ = {isa = PBXBuildFile; fileRef = C9BFF4BD1FC3637400873781 /* MemeEditorViewController.swift */; };
		C9BFF4C11FC3637400873781 /* Main.storyboard in Resources */ = {isa = PBXBuildFile; fileRef = C9BFF4BF1FC3637400873781 /* Main.storyboard */; };
		C9BFF4C31FC3637400873781 /* Assets.xcassets in Resources */ = {isa = PBXBuildFile; fileRef = C9BFF4C21FC3637400873781 /* Assets.xcassets */; };
		C9BFF4C61FC3637400873781 /* LaunchScreen.storyboard in Resources */ = {isa = PBXBuildFile; fileRef = C9BFF4C41FC3637400873781 /* LaunchScreen.storyboard */; };
/* End PBXBuildFile section */

/* Begin PBXFileReference section */
		C9304D571FC3761D005357DF /* TextFieldDelegate.swift */ = {isa = PBXFileReference; lastKnownFileType = sourcecode.swift; path = TextFieldDelegate.swift; sourceTree = "<group>"; };
		C9304D591FC378DD005357DF /* types.swift */ = {isa = PBXFileReference; lastKnownFileType = sourcecode.swift; path = types.swift; sourceTree = "<group>"; };
		C9BFF4B81FC3637400873781 /* Meme App.app */ = {isa = PBXFileReference; explicitFileType = wrapper.application; includeInIndex = 0; path = "Meme App.app"; sourceTree = BUILT_PRODUCTS_DIR; };
		C9BFF4BB1FC3637400873781 /* AppDelegate.swift */ = {isa = PBXFileReference; lastKnownFileType = sourcecode.swift; path = AppDelegate.swift; sourceTree = "<group>"; };
		C9BFF4BD1FC3637400873781 /* MemeEditorViewController.swift */ = {isa = PBXFileReference; lastKnownFileType = sourcecode.swift; path = MemeEditorViewController.swift; sourceTree = "<group>"; };
		C9BFF4C01FC3637400873781 /* Base */ = {isa = PBXFileReference; lastKnownFileType = file.storyboard; name = Base; path = Base.lproj/Main.storyboard; sourceTree = "<group>"; };
		C9BFF4C21FC3637400873781 /* Assets.xcassets */ = {isa = PBXFileReference; lastKnownFileType = folder.assetcatalog; path = Assets.xcassets; sourceTree = "<group>"; };
		C9BFF4C51FC3637400873781 /* Base */ = {isa = PBXFileReference; lastKnownFileType = file.storyboard; name = Base; path = Base.lproj/LaunchScreen.storyboard; sourceTree = "<group>"; };
		C9BFF4C71FC3637400873781 /* Info.plist */ = {isa = PBXFileReference; lastKnownFileType = text.plist.xml; path = Info.plist; sourceTree = "<group>"; };
/* End PBXFileReference section */

/* Begin PBXFrameworksBuildPhase section */
		C9BFF4B51FC3637400873781 /* Frameworks */ = {
			isa = PBXFrameworksBuildPhase;
			buildActionMask = 2147483647;
			files = (
			);
			runOnlyForDeploymentPostprocessing = 0;
		};
/* End PBXFrameworksBuildPhase section */

/* Begin PBXGroup section */
		C9304D561FC375EB005357DF /* Delegates */ = {
			isa = PBXGroup;
			children = (
				C9304D571FC3761D005357DF /* TextFieldDelegate.swift */,
			);
			path = Delegates;
			sourceTree = "<group>";
		};
		C9BFF4AF1FC3637400873781 = {
			isa = PBXGroup;
			children = (
				C9BFF4BA1FC3637400873781 /* Meme App */,
				C9BFF4B91FC3637400873781 /* Products */,
			);
			sourceTree = "<group>";
		};
		C9BFF4B91FC3637400873781 /* Products */ = {
			isa = PBXGroup;
			children = (
				C9BFF4B81FC3637400873781 /* Meme App.app */,
			);
			name = Products;
			sourceTree = "<group>";
		};
		C9BFF4BA1FC3637400873781 /* Meme App */ = {
			isa = PBXGroup;
			children = (
				C9304D561FC375EB005357DF /* Delegates */,
				C9BFF4BB1FC3637400873781 /* AppDelegate.swift */,
				C9BFF4BD1FC3637400873781 /* MemeEditorViewController.swift */,
				C9BFF4BF1FC3637400873781 /* Main.storyboard */,
				C9BFF4C21FC3637400873781 /* Assets.xcassets */,
				C9BFF4C41FC3637400873781 /* LaunchScreen.storyboard */,
				C9BFF4C71FC3637400873781 /* Info.plist */,
				C9304D591FC378DD005357DF /* types.swift */,
			);
			path = "Meme App";
			sourceTree = "<group>";
		};
/* End PBXGroup section */

/* Begin PBXNativeTarget section */
		C9BFF4B71FC3637400873781 /* Meme App */ = {
			isa = PBXNativeTarget;
			buildConfigurationList = C9BFF4CA1FC3637400873781 /* Build configuration list for PBXNativeTarget "Meme App" */;
			buildPhases = (
				C9BFF4B41FC3637400873781 /* Sources */,
				C9BFF4B51FC3637400873781 /* Frameworks */,
				C9BFF4B61FC3637400873781 /* Resources */,
			);
			buildRules = (
			);
			dependencies = (
			);
			name = "Meme App";
			productName = "Meme App";
			productReference = C9BFF4B81FC3637400873781 /* Meme App.app */;
			productType = "com.apple.product-type.application";
		};
/* End PBXNativeTarget section */

/* Begin PBXProject section */
		C9BFF4B01FC3637400873781 /* Project object */ = {
			isa = PBXProject;
			attributes = {
				LastSwiftUpdateCheck = 0900;
				LastUpgradeCheck = 0900;
				ORGANIZATIONNAME = "Florian Middendorf";
				TargetAttributes = {
					C9BFF4B71FC3637400873781 = {
						CreatedOnToolsVersion = 9.0;
						ProvisioningStyle = Automatic;
					};
				};
			};
			buildConfigurationList = C9BFF4B31FC3637400873781 /* Build configuration list for PBXProject "Meme App" */;
			compatibilityVersion = "Xcode 8.0";
			developmentRegion = en;
			hasScannedForEncodings = 0;
			knownRegions = (
				en,
				Base,
			);
			mainGroup = C9BFF4AF1FC3637400873781;
			productRefGroup = C9BFF4B91FC3637400873781 /* Products */;
			projectDirPath = "";
			projectRoot = "";
			targets = (
				C9BFF4B71FC3637400873781 /* Meme App */,
			);
		};
/* End PBXProject section */

/* Begin PBXResourcesBuildPhase section */
		C9BFF4B61FC3637400873781 /* Resources */ = {
			isa = PBXResourcesBuildPhase;
			buildActionMask = 2147483647;
			files = (
				C9BFF4C61FC3637400873781 /* LaunchScreen.storyboard in Resources */,
				C9BFF4C31FC3637400873781 /* Assets.xcassets in Resources */,
				C9BFF4C11FC3637400873781 /* Main.storyboard in Resources */,
			);
			runOnlyForDeploymentPostprocessing = 0;
		};
/* End PBXResourcesBuildPhase section */

/* Begin PBXSourcesBuildPhase section */
		C9BFF4B41FC3637400873781 /* Sources */ = {
			isa = PBXSourcesBuildPhase;
			buildActionMask = 2147483647;
			files = (
				C9BFF4BE1FC3637400873781 /* MemeEditorViewController.swift in Sources */,
				C9BFF4BC1FC3637400873781 /* AppDelegate.swift in Sources */,
				C9304D581FC3761D005357DF /* TextFieldDelegate.swift in Sources */,
				C9304D5A1FC378DD005357DF /* types.swift in Sources */,
			);
			runOnlyForDeploymentPostprocessing = 0;
		};
/* End PBXSourcesBuildPhase section */

/* Begin PBXVariantGroup section */
		C9BFF4BF1FC3637400873781 /* Main.storyboard */ = {
			isa = PBXVariantGroup;
			children = (
				C9BFF4C01FC3637400873781 /* Base */,
			);
			name = Main.storyboard;
			sourceTree = "<group>";
		};
		C9BFF4C41FC3637400873781 /* LaunchScreen.storyboard */ = {
			isa = PBXVariantGroup;
			children = (
				C9BFF4C51FC3637400873781 /* Base */,
			);
			name = LaunchScreen.storyboard;
			sourceTree = "<group>";
		};
/* End PBXVariantGroup section */

/* Begin XCBuildConfiguration section */
		C9BFF4C81FC3637400873781 /* Debug */ = {
			isa = XCBuildConfiguration;
			buildSettings = {
				ALWAYS_SEARCH_USER_PATHS = NO;
				CLANG_ANALYZER_NONNULL = YES;
				CLANG_ANALYZER_NUMBER_OBJECT_CONVERSION = YES_AGGRESSIVE;
				CLANG_CXX_LANGUAGE_STANDARD = "gnu++14";
				CLANG_CXX_LIBRARY = "libc++";
				CLANG_ENABLE_MODULES = YES;
				CLANG_ENABLE_OBJC_ARC = YES;
				CLANG_WARN_BLOCK_CAPTURE_AUTORELEASING = YES;
				CLANG_WARN_BOOL_CONVERSION = YES;
				CLANG_WARN_COMMA = YES;
				CLANG_WARN_CONSTANT_CONVERSION = YES;
				CLANG_WARN_DIRECT_OBJC_ISA_USAGE = YES_ERROR;
				CLANG_WARN_DOCUMENTATION_COMMENTS = YES;
				CLANG_WARN_EMPTY_BODY = YES;
				CLANG_WARN_ENUM_CONVERSION = YES;
				CLANG_WARN_INFINITE_RECURSION = YES;
				CLANG_WARN_INT_CONVERSION = YES;
				CLANG_WARN_NON_LITERAL_NULL_CONVERSION = YES;
				CLANG_WARN_OBJC_LITERAL_CONVERSION = YES;
				CLANG_WARN_OBJC_ROOT_CLASS = YES_ERROR;
				CLANG_WARN_RANGE_LOOP_ANALYSIS = YES;
				CLANG_WARN_STRICT_PROTOTYPES = YES;
				CLANG_WARN_SUSPICIOUS_MOVE = YES;
				CLANG_WARN_UNGUARDED_AVAILABILITY = YES_AGGRESSIVE;
				CLANG_WARN_UNREACHABLE_CODE = YES;
				CLANG_WARN__DUPLICATE_METHOD_MATCH = YES;
				CODE_SIGN_IDENTITY = "iPhone Developer";
				COPY_PHASE_STRIP = NO;
				DEBUG_INFORMATION_FORMAT = dwarf;
				ENABLE_STRICT_OBJC_MSGSEND = YES;
				ENABLE_TESTABILITY = YES;
				GCC_C_LANGUAGE_STANDARD = gnu11;
				GCC_DYNAMIC_NO_PIC = NO;
				GCC_NO_COMMON_BLOCKS = YES;
				GCC_OPTIMIZATION_LEVEL = 0;
				GCC_PREPROCESSOR_DEFINITIONS = (
					"DEBUG=1",
					"$(inherited)",
				);
				GCC_WARN_64_TO_32_BIT_CONVERSION = YES;
				GCC_WARN_ABOUT_RETURN_TYPE = YES_ERROR;
				GCC_WARN_UNDECLARED_SELECTOR = YES;
				GCC_WARN_UNINITIALIZED_AUTOS = YES_AGGRESSIVE;
				GCC_WARN_UNUSED_FUNCTION = YES;
				GCC_WARN_UNUSED_VARIABLE = YES;
				IPHONEOS_DEPLOYMENT_TARGET = 11.0;
				MTL_ENABLE_DEBUG_INFO = YES;
				ONLY_ACTIVE_ARCH = YES;
				SDKROOT = iphoneos;
				SWIFT_ACTIVE_COMPILATION_CONDITIONS = DEBUG;
				SWIFT_OPTIMIZATION_LEVEL = "-Onone";
			};
			name = Debug;
		};
		C9BFF4C91FC3637400873781 /* Release */ = {
			isa = XCBuildConfiguration;
			buildSettings = {
				ALWAYS_SEARCH_USER_PATHS = NO;
				CLANG_ANALYZER_NONNULL = YES;
				CLANG_ANALYZER_NUMBER_OBJECT_CONVERSION = YES_AGGRESSIVE;
				CLANG_CXX_LANGUAGE_STANDARD = "gnu++14";
				CLANG_CXX_LIBRARY = "libc++";
				CLANG_ENABLE_MODULES = YES;
				CLANG_ENABLE_OBJC_ARC = YES;
				CLANG_WARN_BLOCK_CAPTURE_AUTORELEASING = YES;
				CLANG_WARN_BOOL_CONVERSION = YES;
				CLANG_WARN_COMMA = YES;
				CLANG_WARN_CONSTANT_CONVERSION = YES;
				CLANG_WARN_DIRECT_OBJC_ISA_USAGE = YES_ERROR;
				CLANG_WARN_DOCUMENTATION_COMMENTS = YES;
				CLANG_WARN_EMPTY_BODY = YES;
				CLANG_WARN_ENUM_CONVERSION = YES;
				CLANG_WARN_INFINITE_RECURSION = YES;
				CLANG_WARN_INT_CONVERSION = YES;
				CLANG_WARN_NON_LITERAL_NULL_CONVERSION = YES;
				CLANG_WARN_OBJC_LITERAL_CONVERSION = YES;
				CLANG_WARN_OBJC_ROOT_CLASS = YES_ERROR;
				CLANG_WARN_RANGE_LOOP_ANALYSIS = YES;
				CLANG_WARN_STRICT_PROTOTYPES = YES;
				CLANG_WARN_SUSPICIOUS_MOVE = YES;
				CLANG_WARN_UNGUARDED_AVAILABILITY = YES_AGGRESSIVE;
				CLANG_WARN_UNREACHABLE_CODE = YES;
				CLANG_WARN__DUPLICATE_METHOD_MATCH = YES;
				CODE_SIGN_IDENTITY = "iPhone Developer";
				COPY_PHASE_STRIP = NO;
				DEBUG_INFORMATION_FORMAT = "dwarf-with-dsym";
				ENABLE_NS_ASSERTIONS = NO;
				ENABLE_STRICT_OBJC_MSGSEND = YES;
				GCC_C_LANGUAGE_STANDARD = gnu11;
				GCC_NO_COMMON_BLOCKS = YES;
				GCC_WARN_64_TO_32_BIT_CONVERSION = YES;
				GCC_WARN_ABOUT_RETURN_TYPE = YES_ERROR;
				GCC_WARN_UNDECLARED_SELECTOR = YES;
				GCC_WARN_UNINITIALIZED_AUTOS = YES_AGGRESSIVE;
				GCC_WARN_UNUSED_FUNCTION = YES;
				GCC_WARN_UNUSED_VARIABLE = YES;
				IPHONEOS_DEPLOYMENT_TARGET = 11.0;
				MTL_ENABLE_DEBUG_INFO = NO;
				SDKROOT = iphoneos;
				SWIFT_OPTIMIZATION_LEVEL = "-Owholemodule";
				VALIDATE_PRODUCT = YES;
			};
			name = Release;
		};
		C9BFF4CB1FC3637400873781 /* Debug */ = {
			isa = XCBuildConfiguration;
			buildSettings = {
				ASSETCATALOG_COMPILER_APPICON_NAME = AppIcon;
				CODE_SIGN_STYLE = Automatic;
				INFOPLIST_FILE = "Meme App/Info.plist";
				LD_RUNPATH_SEARCH_PATHS = "$(inherited) @executable_path/Frameworks";
				PRODUCT_BUNDLE_IDENTIFIER = "de.devlinus.Meme-App";
				PRODUCT_NAME = "$(TARGET_NAME)";
				SWIFT_VERSION = 4.0;
				TARGETED_DEVICE_FAMILY = "1,2";
			};
			name = Debug;
		};
		C9BFF4CC1FC3637400873781 /* Release */ = {
			isa = XCBuildConfiguration;
			buildSettings = {
				ASSETCATALOG_COMPILER_APPICON_NAME = AppIcon;
				CODE_SIGN_STYLE = Automatic;
				INFOPLIST_FILE = "Meme App/Info.plist";
				LD_RUNPATH_SEARCH_PATHS = "$(inherited) @executable_path/Frameworks";
				PRODUCT_BUNDLE_IDENTIFIER = "de.devlinus.Meme-App";
				PRODUCT_NAME = "$(TARGET_NAME)";
				SWIFT_VERSION = 4.0;
				TARGETED_DEVICE_FAMILY = "1,2";
			};
			name = Release;
		};
/* End XCBuildConfiguration section */

/* Begin XCConfigurationList section */
		C9BFF4B31FC3637400873781 /* Build configuration list for PBXProject "Meme App" */ = {
			isa = XCConfigurationList;
			buildConfigurations = (
				C9BFF4C81FC3637400873781 /* Debug */,
				C9BFF4C91FC3637400873781 /* Release */,
			);
			defaultConfigurationIsVisible = 0;
			defaultConfigurationName = Release;
		};
		C9BFF4CA1FC3637400873781 /* Build configuration list for PBXNativeTarget "Meme App" */ = {
			isa = XCConfigurationList;
			buildConfigurations = (
				C9BFF4CB1FC3637400873781 /* Debug */,
				C9BFF4CC1FC3637400873781 /* Release */,
			);
			defaultConfigurationIsVisible = 0;
			defaultConfigurationName = Release;
		};
/* End XCConfigurationList section */
	};
	rootObject = C9BFF4B01FC3637400873781 /* Project object */;
}
